// !$*UTF8*$!
{
	archiveVersion = 1;
	classes = {
	};
	objectVersion = 48;
	objects = {

/* Begin PBXBuildFile section */
		B7AC258B0155BCFAB931B065 /* Pods_BMPClient.framework in Frameworks */ = {isa = PBXBuildFile; fileRef = 32FECBE85E93F9ACF6EE9E8A /* Pods_BMPClient.framework */; };
		D3479F5C204888A800FB2F4D /* APIs.swift in Sources */ = {isa = PBXBuildFile; fileRef = D3479F57204888A700FB2F4D /* APIs.swift */; };
		D3479F5D204888A800FB2F4D /* AlamofireImplementations.swift in Sources */ = {isa = PBXBuildFile; fileRef = D3479F58204888A700FB2F4D /* AlamofireImplementations.swift */; };
		D3479F5E204888A800FB2F4D /* Models.swift in Sources */ = {isa = PBXBuildFile; fileRef = D3479F59204888A800FB2F4D /* Models.swift */; };
		D3479F5F204888A800FB2F4D /* APIHelper.swift in Sources */ = {isa = PBXBuildFile; fileRef = D3479F5A204888A800FB2F4D /* APIHelper.swift */; };
		D3479F60204888A800FB2F4D /* Extensions.swift in Sources */ = {isa = PBXBuildFile; fileRef = D3479F5B204888A800FB2F4D /* Extensions.swift */; };
		D3479F68204888B500FB2F4D /* VoteAPI.swift in Sources */ = {isa = PBXBuildFile; fileRef = D3479F61204888B400FB2F4D /* VoteAPI.swift */; };
		D3479F69204888B500FB2F4D /* AuthenticationAPI.swift in Sources */ = {isa = PBXBuildFile; fileRef = D3479F62204888B500FB2F4D /* AuthenticationAPI.swift */; };
		D3479F6A204888B500FB2F4D /* PostAPI.swift in Sources */ = {isa = PBXBuildFile; fileRef = D3479F63204888B500FB2F4D /* PostAPI.swift */; };
		D3479F6B204888B500FB2F4D /* CategoryAPI.swift in Sources */ = {isa = PBXBuildFile; fileRef = D3479F64204888B500FB2F4D /* CategoryAPI.swift */; };
		D3479F6C204888B500FB2F4D /* ProfileAPI.swift in Sources */ = {isa = PBXBuildFile; fileRef = D3479F65204888B500FB2F4D /* ProfileAPI.swift */; };
		D3479F6D204888B500FB2F4D /* QuestionAPI.swift in Sources */ = {isa = PBXBuildFile; fileRef = D3479F66204888B500FB2F4D /* QuestionAPI.swift */; };
		D3479F6E204888B500FB2F4D /* UserAPI.swift in Sources */ = {isa = PBXBuildFile; fileRef = D3479F67204888B500FB2F4D /* UserAPI.swift */; };
		D3479F87204888C400FB2F4D /* UpdateUserProfileData.swift in Sources */ = {isa = PBXBuildFile; fileRef = D3479F6F204888C100FB2F4D /* UpdateUserProfileData.swift */; };
		D3479F88204888C400FB2F4D /* User.swift in Sources */ = {isa = PBXBuildFile; fileRef = D3479F70204888C100FB2F4D /* User.swift */; };
		D3479F89204888C400FB2F4D /* PostListData.swift in Sources */ = {isa = PBXBuildFile; fileRef = D3479F71204888C100FB2F4D /* PostListData.swift */; };
		D3479F8A204888C400FB2F4D /* PostList.swift in Sources */ = {isa = PBXBuildFile; fileRef = D3479F72204888C100FB2F4D /* PostList.swift */; };
		D3479F8B204888C400FB2F4D /* PostListMeta.swift in Sources */ = {isa = PBXBuildFile; fileRef = D3479F73204888C100FB2F4D /* PostListMeta.swift */; };
		D3479F8C204888C400FB2F4D /* ErrorDetailsErrors.swift in Sources */ = {isa = PBXBuildFile; fileRef = D3479F74204888C100FB2F4D /* ErrorDetailsErrors.swift */; };
		D3479F8D204888C400FB2F4D /* InlineResponse201.swift in Sources */ = {isa = PBXBuildFile; fileRef = D3479F75204888C200FB2F4D /* InlineResponse201.swift */; };
		D3479F8E204888C400FB2F4D /* ErrorDetailsDebug.swift in Sources */ = {isa = PBXBuildFile; fileRef = D3479F76204888C200FB2F4D /* ErrorDetailsDebug.swift */; };
		D3479F8F204888C400FB2F4D /* ErrorDetails.swift in Sources */ = {isa = PBXBuildFile; fileRef = D3479F77204888C200FB2F4D /* ErrorDetails.swift */; };
		D3479F90204888C400FB2F4D /* CategoryList.swift in Sources */ = {isa = PBXBuildFile; fileRef = D3479F78204888C200FB2F4D /* CategoryList.swift */; };
		D3479F91204888C400FB2F4D /* PostListPhotos.swift in Sources */ = {isa = PBXBuildFile; fileRef = D3479F79204888C200FB2F4D /* PostListPhotos.swift */; };
		D3479F92204888C400FB2F4D /* UserStoreData.swift in Sources */ = {isa = PBXBuildFile; fileRef = D3479F7A204888C200FB2F4D /* UserStoreData.swift */; };
		D3479F93204888C400FB2F4D /* CursorPaginationInfo.swift in Sources */ = {isa = PBXBuildFile; fileRef = D3479F7B204888C200FB2F4D /* CursorPaginationInfo.swift */; };
		D3479F94204888C400FB2F4D /* LogoutInfo.swift in Sources */ = {isa = PBXBuildFile; fileRef = D3479F7C204888C200FB2F4D /* LogoutInfo.swift */; };
		D3479F95204888C400FB2F4D /* RefreshToken.swift in Sources */ = {isa = PBXBuildFile; fileRef = D3479F7D204888C200FB2F4D /* RefreshToken.swift */; };
		D3479F96204888C400FB2F4D /* UpdateUserPasswordBody.swift in Sources */ = {isa = PBXBuildFile; fileRef = D3479F7E204888C200FB2F4D /* UpdateUserPasswordBody.swift */; };
		D3479F97204888C400FB2F4D /* AuthToken.swift in Sources */ = {isa = PBXBuildFile; fileRef = D3479F7F204888C300FB2F4D /* AuthToken.swift */; };
		D3479F98204888C400FB2F4D /* ResetPasswordRequest.swift in Sources */ = {isa = PBXBuildFile; fileRef = D3479F80204888C300FB2F4D /* ResetPasswordRequest.swift */; };
		D3479F99204888C400FB2F4D /* PaginationInfo.swift in Sources */ = {isa = PBXBuildFile; fileRef = D3479F81204888C300FB2F4D /* PaginationInfo.swift */; };
		D3479F9A204888C400FB2F4D /* AuthRequest.swift in Sources */ = {isa = PBXBuildFile; fileRef = D3479F82204888C300FB2F4D /* AuthRequest.swift */; };
		D3479F9B204888C400FB2F4D /* CategoryListData.swift in Sources */ = {isa = PBXBuildFile; fileRef = D3479F83204888C300FB2F4D /* CategoryListData.swift */; };
		D3479F9C204888C400FB2F4D /* InlineResponse201Data.swift in Sources */ = {isa = PBXBuildFile; fileRef = D3479F84204888C300FB2F4D /* InlineResponse201Data.swift */; };
		D3479F9D204888C400FB2F4D /* QuestionStoreData.swift in Sources */ = {isa = PBXBuildFile; fileRef = D3479F85204888C300FB2F4D /* QuestionStoreData.swift */; };
		D3479F9E204888C400FB2F4D /* SuccessConfirmation.swift in Sources */ = {isa = PBXBuildFile; fileRef = D3479F86204888C300FB2F4D /* SuccessConfirmation.swift */; };
/* End PBXBuildFile section */

/* Begin PBXFileReference section */
		02C8009663428B08BD45520B /* Pods-BMPClient.release.xcconfig */ = {isa = PBXFileReference; includeInIndex = 1; lastKnownFileType = text.xcconfig; name = "Pods-BMPClient.release.xcconfig"; path = "Pods/Target Support Files/Pods-BMPClient/Pods-BMPClient.release.xcconfig"; sourceTree = "<group>"; };
		32FECBE85E93F9ACF6EE9E8A /* Pods_BMPClient.framework */ = {isa = PBXFileReference; explicitFileType = wrapper.framework; includeInIndex = 0; path = Pods_BMPClient.framework; sourceTree = BUILT_PRODUCTS_DIR; };
		37B65C3F79A4A7F9078B9F23 /* Pods-BMPClient.debug.xcconfig */ = {isa = PBXFileReference; includeInIndex = 1; lastKnownFileType = text.xcconfig; name = "Pods-BMPClient.debug.xcconfig"; path = "Pods/Target Support Files/Pods-BMPClient/Pods-BMPClient.debug.xcconfig"; sourceTree = "<group>"; };
		D3479F3F2048884200FB2F4D /* BMPClient.app */ = {isa = PBXFileReference; explicitFileType = wrapper.application; includeInIndex = 0; path = BMPClient.app; sourceTree = BUILT_PRODUCTS_DIR; };
		D3479F4E2048884200FB2F4D /* Info.plist */ = {isa = PBXFileReference; lastKnownFileType = text.plist.xml; path = Info.plist; sourceTree = "<group>"; };
		D3479F56204888A700FB2F4D /* BMPClient-Bridging-Header.h */ = {isa = PBXFileReference; lastKnownFileType = sourcecode.c.h; path = "BMPClient-Bridging-Header.h"; sourceTree = "<group>"; };
		D3479F57204888A700FB2F4D /* APIs.swift */ = {isa = PBXFileReference; fileEncoding = 4; lastKnownFileType = sourcecode.swift; path = APIs.swift; sourceTree = "<group>"; };
		D3479F58204888A700FB2F4D /* AlamofireImplementations.swift */ = {isa = PBXFileReference; fileEncoding = 4; lastKnownFileType = sourcecode.swift; path = AlamofireImplementations.swift; sourceTree = "<group>"; };
		D3479F59204888A800FB2F4D /* Models.swift */ = {isa = PBXFileReference; fileEncoding = 4; lastKnownFileType = sourcecode.swift; path = Models.swift; sourceTree = "<group>"; };
		D3479F5A204888A800FB2F4D /* APIHelper.swift */ = {isa = PBXFileReference; fileEncoding = 4; lastKnownFileType = sourcecode.swift; path = APIHelper.swift; sourceTree = "<group>"; };
		D3479F5B204888A800FB2F4D /* Extensions.swift */ = {isa = PBXFileReference; fileEncoding = 4; lastKnownFileType = sourcecode.swift; path = Extensions.swift; sourceTree = "<group>"; };
		D3479F61204888B400FB2F4D /* VoteAPI.swift */ = {isa = PBXFileReference; fileEncoding = 4; lastKnownFileType = sourcecode.swift; path = VoteAPI.swift; sourceTree = "<group>"; };
		D3479F62204888B500FB2F4D /* AuthenticationAPI.swift */ = {isa = PBXFileReference; fileEncoding = 4; lastKnownFileType = sourcecode.swift; path = AuthenticationAPI.swift; sourceTree = "<group>"; };
		D3479F63204888B500FB2F4D /* PostAPI.swift */ = {isa = PBXFileReference; fileEncoding = 4; lastKnownFileType = sourcecode.swift; path = PostAPI.swift; sourceTree = "<group>"; };
		D3479F64204888B500FB2F4D /* CategoryAPI.swift */ = {isa = PBXFileReference; fileEncoding = 4; lastKnownFileType = sourcecode.swift; path = CategoryAPI.swift; sourceTree = "<group>"; };
		D3479F65204888B500FB2F4D /* ProfileAPI.swift */ = {isa = PBXFileReference; fileEncoding = 4; lastKnownFileType = sourcecode.swift; path = ProfileAPI.swift; sourceTree = "<group>"; };
		D3479F66204888B500FB2F4D /* QuestionAPI.swift */ = {isa = PBXFileReference; fileEncoding = 4; lastKnownFileType = sourcecode.swift; path = QuestionAPI.swift; sourceTree = "<group>"; };
		D3479F67204888B500FB2F4D /* UserAPI.swift */ = {isa = PBXFileReference; fileEncoding = 4; lastKnownFileType = sourcecode.swift; path = UserAPI.swift; sourceTree = "<group>"; };
		D3479F6F204888C100FB2F4D /* UpdateUserProfileData.swift */ = {isa = PBXFileReference; fileEncoding = 4; lastKnownFileType = sourcecode.swift; path = UpdateUserProfileData.swift; sourceTree = "<group>"; };
		D3479F70204888C100FB2F4D /* User.swift */ = {isa = PBXFileReference; fileEncoding = 4; lastKnownFileType = sourcecode.swift; path = User.swift; sourceTree = "<group>"; };
		D3479F71204888C100FB2F4D /* PostListData.swift */ = {isa = PBXFileReference; fileEncoding = 4; lastKnownFileType = sourcecode.swift; path = PostListData.swift; sourceTree = "<group>"; };
		D3479F72204888C100FB2F4D /* PostList.swift */ = {isa = PBXFileReference; fileEncoding = 4; lastKnownFileType = sourcecode.swift; path = PostList.swift; sourceTree = "<group>"; };
		D3479F73204888C100FB2F4D /* PostListMeta.swift */ = {isa = PBXFileReference; fileEncoding = 4; lastKnownFileType = sourcecode.swift; path = PostListMeta.swift; sourceTree = "<group>"; };
		D3479F74204888C100FB2F4D /* ErrorDetailsErrors.swift */ = {isa = PBXFileReference; fileEncoding = 4; lastKnownFileType = sourcecode.swift; path = ErrorDetailsErrors.swift; sourceTree = "<group>"; };
		D3479F75204888C200FB2F4D /* InlineResponse201.swift */ = {isa = PBXFileReference; fileEncoding = 4; lastKnownFileType = sourcecode.swift; path = InlineResponse201.swift; sourceTree = "<group>"; };
		D3479F76204888C200FB2F4D /* ErrorDetailsDebug.swift */ = {isa = PBXFileReference; fileEncoding = 4; lastKnownFileType = sourcecode.swift; path = ErrorDetailsDebug.swift; sourceTree = "<group>"; };
		D3479F77204888C200FB2F4D /* ErrorDetails.swift */ = {isa = PBXFileReference; fileEncoding = 4; lastKnownFileType = sourcecode.swift; path = ErrorDetails.swift; sourceTree = "<group>"; };
		D3479F78204888C200FB2F4D /* CategoryList.swift */ = {isa = PBXFileReference; fileEncoding = 4; lastKnownFileType = sourcecode.swift; path = CategoryList.swift; sourceTree = "<group>"; };
		D3479F79204888C200FB2F4D /* PostListPhotos.swift */ = {isa = PBXFileReference; fileEncoding = 4; lastKnownFileType = sourcecode.swift; path = PostListPhotos.swift; sourceTree = "<group>"; };
		D3479F7A204888C200FB2F4D /* UserStoreData.swift */ = {isa = PBXFileReference; fileEncoding = 4; lastKnownFileType = sourcecode.swift; path = UserStoreData.swift; sourceTree = "<group>"; };
		D3479F7B204888C200FB2F4D /* CursorPaginationInfo.swift */ = {isa = PBXFileReference; fileEncoding = 4; lastKnownFileType = sourcecode.swift; path = CursorPaginationInfo.swift; sourceTree = "<group>"; };
		D3479F7C204888C200FB2F4D /* LogoutInfo.swift */ = {isa = PBXFileReference; fileEncoding = 4; lastKnownFileType = sourcecode.swift; path = LogoutInfo.swift; sourceTree = "<group>"; };
		D3479F7D204888C200FB2F4D /* RefreshToken.swift */ = {isa = PBXFileReference; fileEncoding = 4; lastKnownFileType = sourcecode.swift; path = RefreshToken.swift; sourceTree = "<group>"; };
		D3479F7E204888C200FB2F4D /* UpdateUserPasswordBody.swift */ = {isa = PBXFileReference; fileEncoding = 4; lastKnownFileType = sourcecode.swift; path = UpdateUserPasswordBody.swift; sourceTree = "<group>"; };
		D3479F7F204888C300FB2F4D /* AuthToken.swift */ = {isa = PBXFileReference; fileEncoding = 4; lastKnownFileType = sourcecode.swift; path = AuthToken.swift; sourceTree = "<group>"; };
		D3479F80204888C300FB2F4D /* ResetPasswordRequest.swift */ = {isa = PBXFileReference; fileEncoding = 4; lastKnownFileType = sourcecode.swift; path = ResetPasswordRequest.swift; sourceTree = "<group>"; };
		D3479F81204888C300FB2F4D /* PaginationInfo.swift */ = {isa = PBXFileReference; fileEncoding = 4; lastKnownFileType = sourcecode.swift; path = PaginationInfo.swift; sourceTree = "<group>"; };
		D3479F82204888C300FB2F4D /* AuthRequest.swift */ = {isa = PBXFileReference; fileEncoding = 4; lastKnownFileType = sourcecode.swift; path = AuthRequest.swift; sourceTree = "<group>"; };
		D3479F83204888C300FB2F4D /* CategoryListData.swift */ = {isa = PBXFileReference; fileEncoding = 4; lastKnownFileType = sourcecode.swift; path = CategoryListData.swift; sourceTree = "<group>"; };
		D3479F84204888C300FB2F4D /* InlineResponse201Data.swift */ = {isa = PBXFileReference; fileEncoding = 4; lastKnownFileType = sourcecode.swift; path = InlineResponse201Data.swift; sourceTree = "<group>"; };
		D3479F85204888C300FB2F4D /* QuestionStoreData.swift */ = {isa = PBXFileReference; fileEncoding = 4; lastKnownFileType = sourcecode.swift; path = QuestionStoreData.swift; sourceTree = "<group>"; };
		D3479F86204888C300FB2F4D /* SuccessConfirmation.swift */ = {isa = PBXFileReference; fileEncoding = 4; lastKnownFileType = sourcecode.swift; path = SuccessConfirmation.swift; sourceTree = "<group>"; };
/* End PBXFileReference section */

/* Begin PBXFrameworksBuildPhase section */
		D3479F3C2048884200FB2F4D /* Frameworks */ = {
			isa = PBXFrameworksBuildPhase;
			buildActionMask = 2147483647;
			files = (
				B7AC258B0155BCFAB931B065 /* Pods_BMPClient.framework in Frameworks */,
			);
			runOnlyForDeploymentPostprocessing = 0;
		};
/* End PBXFrameworksBuildPhase section */

/* Begin PBXGroup section */
		29EA5961B9702B3D2722E1A1 /* Pods */ = {
			isa = PBXGroup;
			children = (
				37B65C3F79A4A7F9078B9F23 /* Pods-BMPClient.debug.xcconfig */,
				02C8009663428B08BD45520B /* Pods-BMPClient.release.xcconfig */,
			);
			name = Pods;
			sourceTree = "<group>";
		};
		A90655B769331697A4C19D92 /* Frameworks */ = {
			isa = PBXGroup;
			children = (
				32FECBE85E93F9ACF6EE9E8A /* Pods_BMPClient.framework */,
			);
			name = Frameworks;
			sourceTree = "<group>";
		};
		D3479F362048884200FB2F4D = {
			isa = PBXGroup;
			children = (
				D3479F412048884200FB2F4D /* BMPClient */,
				D3479F402048884200FB2F4D /* Products */,
				29EA5961B9702B3D2722E1A1 /* Pods */,
				A90655B769331697A4C19D92 /* Frameworks */,
			);
			sourceTree = "<group>";
		};
		D3479F402048884200FB2F4D /* Products */ = {
			isa = PBXGroup;
			children = (
				D3479F3F2048884200FB2F4D /* BMPClient.app */,
			);
			name = Products;
			sourceTree = "<group>";
		};
		D3479F412048884200FB2F4D /* BMPClient */ = {
			isa = PBXGroup;
			children = (
				D3479F58204888A700FB2F4D /* AlamofireImplementations.swift */,
				D3479F5A204888A800FB2F4D /* APIHelper.swift */,
				D3479F57204888A700FB2F4D /* APIs.swift */,
				D3479F5B204888A800FB2F4D /* Extensions.swift */,
				D3479F59204888A800FB2F4D /* Models.swift */,
				D3479F552048886300FB2F4D /* Models */,
				D3479F542048885C00FB2F4D /* APIs */,
				D3479F4E2048884200FB2F4D /* Info.plist */,
				D3479F56204888A700FB2F4D /* BMPClient-Bridging-Header.h */,
			);
			path = BMPClient;
			sourceTree = "<group>";
		};
		D3479F542048885C00FB2F4D /* APIs */ = {
			isa = PBXGroup;
			children = (
				D3479F62204888B500FB2F4D /* AuthenticationAPI.swift */,
				D3479F64204888B500FB2F4D /* CategoryAPI.swift */,
				D3479F63204888B500FB2F4D /* PostAPI.swift */,
				D3479F65204888B500FB2F4D /* ProfileAPI.swift */,
				D3479F66204888B500FB2F4D /* QuestionAPI.swift */,
				D3479F67204888B500FB2F4D /* UserAPI.swift */,
				D3479F61204888B400FB2F4D /* VoteAPI.swift */,
			);
			path = APIs;
			sourceTree = "<group>";
		};
		D3479F552048886300FB2F4D /* Models */ = {
			isa = PBXGroup;
			children = (
				D3479F82204888C300FB2F4D /* AuthRequest.swift */,
				D3479F7F204888C300FB2F4D /* AuthToken.swift */,
				D3479F78204888C200FB2F4D /* CategoryList.swift */,
				D3479F83204888C300FB2F4D /* CategoryListData.swift */,
				D3479F7B204888C200FB2F4D /* CursorPaginationInfo.swift */,
				D3479F77204888C200FB2F4D /* ErrorDetails.swift */,
				D3479F76204888C200FB2F4D /* ErrorDetailsDebug.swift */,
				D3479F74204888C100FB2F4D /* ErrorDetailsErrors.swift */,
				D3479F75204888C200FB2F4D /* InlineResponse201.swift */,
				D3479F84204888C300FB2F4D /* InlineResponse201Data.swift */,
				D3479F7C204888C200FB2F4D /* LogoutInfo.swift */,
				D3479F81204888C300FB2F4D /* PaginationInfo.swift */,
				D3479F72204888C100FB2F4D /* PostList.swift */,
				D3479F71204888C100FB2F4D /* PostListData.swift */,
				D3479F73204888C100FB2F4D /* PostListMeta.swift */,
				D3479F79204888C200FB2F4D /* PostListPhotos.swift */,
				D3479F85204888C300FB2F4D /* QuestionStoreData.swift */,
				D3479F7D204888C200FB2F4D /* RefreshToken.swift */,
				D3479F80204888C300FB2F4D /* ResetPasswordRequest.swift */,
				D3479F86204888C300FB2F4D /* SuccessConfirmation.swift */,
				D3479F7E204888C200FB2F4D /* UpdateUserPasswordBody.swift */,
				D3479F6F204888C100FB2F4D /* UpdateUserProfileData.swift */,
				D3479F70204888C100FB2F4D /* User.swift */,
				D3479F7A204888C200FB2F4D /* UserStoreData.swift */,
			);
			path = Models;
			sourceTree = "<group>";
		};
/* End PBXGroup section */

/* Begin PBXNativeTarget section */
		D3479F3E2048884200FB2F4D /* BMPClient */ = {
			isa = PBXNativeTarget;
			buildConfigurationList = D3479F512048884200FB2F4D /* Build configuration list for PBXNativeTarget "BMPClient" */;
			buildPhases = (
				74B53BAE5115B11FDFBBC38A /* [CP] Check Pods Manifest.lock */,
				D3479F3B2048884200FB2F4D /* Sources */,
				D3479F3C2048884200FB2F4D /* Frameworks */,
				D3479F3D2048884200FB2F4D /* Resources */,
				8D28C80B01146BC69EB95302 /* [CP] Embed Pods Frameworks */,
				B6F4BD4C45C2C6219C50C928 /* [CP] Copy Pods Resources */,
			);
			buildRules = (
			);
			dependencies = (
			);
			name = BMPClient;
			productName = BMPClient;
			productReference = D3479F3F2048884200FB2F4D /* BMPClient.app */;
			productType = "com.apple.product-type.application";
		};
/* End PBXNativeTarget section */

/* Begin PBXProject section */
		D3479F372048884200FB2F4D /* Project object */ = {
			isa = PBXProject;
			attributes = {
				LastSwiftUpdateCheck = 0920;
				LastUpgradeCheck = 0920;
				ORGANIZATIONNAME = "Daniel Monroy";
				TargetAttributes = {
					D3479F3E2048884200FB2F4D = {
						CreatedOnToolsVersion = 9.2;
						LastSwiftMigration = 0920;
						ProvisioningStyle = Automatic;
					};
				};
			};
			buildConfigurationList = D3479F3A2048884200FB2F4D /* Build configuration list for PBXProject "BMPClient" */;
			compatibilityVersion = "Xcode 8.0";
			developmentRegion = en;
			hasScannedForEncodings = 0;
			knownRegions = (
				en,
				Base,
			);
			mainGroup = D3479F362048884200FB2F4D;
			productRefGroup = D3479F402048884200FB2F4D /* Products */;
			projectDirPath = "";
			projectRoot = "";
			targets = (
				D3479F3E2048884200FB2F4D /* BMPClient */,
			);
		};
/* End PBXProject section */

/* Begin PBXResourcesBuildPhase section */
		D3479F3D2048884200FB2F4D /* Resources */ = {
			isa = PBXResourcesBuildPhase;
			buildActionMask = 2147483647;
			files = (
			);
			runOnlyForDeploymentPostprocessing = 0;
		};
/* End PBXResourcesBuildPhase section */

/* Begin PBXShellScriptBuildPhase section */
		74B53BAE5115B11FDFBBC38A /* [CP] Check Pods Manifest.lock */ = {
			isa = PBXShellScriptBuildPhase;
			buildActionMask = 2147483647;
			files = (
			);
			inputPaths = (
				"${PODS_PODFILE_DIR_PATH}/Podfile.lock",
				"${PODS_ROOT}/Manifest.lock",
			);
			name = "[CP] Check Pods Manifest.lock";
			outputPaths = (
				"$(DERIVED_FILE_DIR)/Pods-BMPClient-checkManifestLockResult.txt",
			);
			runOnlyForDeploymentPostprocessing = 0;
			shellPath = /bin/sh;
			shellScript = "diff \"${PODS_PODFILE_DIR_PATH}/Podfile.lock\" \"${PODS_ROOT}/Manifest.lock\" > /dev/null\nif [ $? != 0 ] ; then\n    # print error to STDERR\n    echo \"error: The sandbox is not in sync with the Podfile.lock. Run 'pod install' or update your CocoaPods installation.\" >&2\n    exit 1\nfi\n# This output is used by Xcode 'outputs' to avoid re-running this script phase.\necho \"SUCCESS\" > \"${SCRIPT_OUTPUT_FILE_0}\"\n";
			showEnvVarsInLog = 0;
		};
		8D28C80B01146BC69EB95302 /* [CP] Embed Pods Frameworks */ = {
			isa = PBXShellScriptBuildPhase;
			buildActionMask = 2147483647;
			files = (
			);
			inputPaths = (
				"${SRCROOT}/Pods/Target Support Files/Pods-BMPClient/Pods-BMPClient-frameworks.sh",
				"${BUILT_PRODUCTS_DIR}/Alamofire/Alamofire.framework",
			);
			name = "[CP] Embed Pods Frameworks";
			outputPaths = (
				"${TARGET_BUILD_DIR}/${FRAMEWORKS_FOLDER_PATH}/Alamofire.framework",
			);
			runOnlyForDeploymentPostprocessing = 0;
			shellPath = /bin/sh;
			shellScript = "\"${SRCROOT}/Pods/Target Support Files/Pods-BMPClient/Pods-BMPClient-frameworks.sh\"\n";
			showEnvVarsInLog = 0;
		};
		B6F4BD4C45C2C6219C50C928 /* [CP] Copy Pods Resources */ = {
			isa = PBXShellScriptBuildPhase;
			buildActionMask = 2147483647;
			files = (
			);
			inputPaths = (
			);
			name = "[CP] Copy Pods Resources";
			outputPaths = (
			);
			runOnlyForDeploymentPostprocessing = 0;
			shellPath = /bin/sh;
			shellScript = "\"${SRCROOT}/Pods/Target Support Files/Pods-BMPClient/Pods-BMPClient-resources.sh\"\n";
			showEnvVarsInLog = 0;
		};
/* End PBXShellScriptBuildPhase section */

/* Begin PBXSourcesBuildPhase section */
		D3479F3B2048884200FB2F4D /* Sources */ = {
			isa = PBXSourcesBuildPhase;
			buildActionMask = 2147483647;
			files = (
				D3479F8C204888C400FB2F4D /* ErrorDetailsErrors.swift in Sources */,
				D3479F8F204888C400FB2F4D /* ErrorDetails.swift in Sources */,
				D3479F6A204888B500FB2F4D /* PostAPI.swift in Sources */,
				D3479F69204888B500FB2F4D /* AuthenticationAPI.swift in Sources */,
				D3479F97204888C400FB2F4D /* AuthToken.swift in Sources */,
				D3479F9B204888C400FB2F4D /* CategoryListData.swift in Sources */,
				D3479F92204888C400FB2F4D /* UserStoreData.swift in Sources */,
				D3479F6C204888B500FB2F4D /* ProfileAPI.swift in Sources */,
				D3479F9A204888C400FB2F4D /* AuthRequest.swift in Sources */,
				D3479F60204888A800FB2F4D /* Extensions.swift in Sources */,
				D3479F9D204888C400FB2F4D /* QuestionStoreData.swift in Sources */,
				D3479F5F204888A800FB2F4D /* APIHelper.swift in Sources */,
				D3479F89204888C400FB2F4D /* PostListData.swift in Sources */,
				D3479F6E204888B500FB2F4D /* UserAPI.swift in Sources */,
				D3479F88204888C400FB2F4D /* User.swift in Sources */,
				D3479F8E204888C400FB2F4D /* ErrorDetailsDebug.swift in Sources */,
				D3479F90204888C400FB2F4D /* CategoryList.swift in Sources */,
				D3479F99204888C400FB2F4D /* PaginationInfo.swift in Sources */,
				D3479F98204888C400FB2F4D /* ResetPasswordRequest.swift in Sources */,
				D3479F5E204888A800FB2F4D /* Models.swift in Sources */,
				D3479F96204888C400FB2F4D /* UpdateUserPasswordBody.swift in Sources */,
				D3479F6D204888B500FB2F4D /* QuestionAPI.swift in Sources */,
				D3479F9E204888C400FB2F4D /* SuccessConfirmation.swift in Sources */,
				D3479F87204888C400FB2F4D /* UpdateUserProfileData.swift in Sources */,
				D3479F8A204888C400FB2F4D /* PostList.swift in Sources */,
				D3479F9C204888C400FB2F4D /* InlineResponse201Data.swift in Sources */,
				D3479F94204888C400FB2F4D /* LogoutInfo.swift in Sources */,
				D3479F5D204888A800FB2F4D /* AlamofireImplementations.swift in Sources */,
				D3479F93204888C400FB2F4D /* CursorPaginationInfo.swift in Sources */,
				D3479F8D204888C400FB2F4D /* InlineResponse201.swift in Sources */,
				D3479F8B204888C400FB2F4D /* PostListMeta.swift in Sources */,
				D3479F6B204888B500FB2F4D /* CategoryAPI.swift in Sources */,
				D3479F68204888B500FB2F4D /* VoteAPI.swift in Sources */,
				D3479F91204888C400FB2F4D /* PostListPhotos.swift in Sources */,
				D3479F5C204888A800FB2F4D /* APIs.swift in Sources */,
				D3479F95204888C400FB2F4D /* RefreshToken.swift in Sources */,
			);
			runOnlyForDeploymentPostprocessing = 0;
		};
/* End PBXSourcesBuildPhase section */

/* Begin XCBuildConfiguration section */
		D3479F4F2048884200FB2F4D /* Debug */ = {
			isa = XCBuildConfiguration;
			buildSettings = {
				ALWAYS_SEARCH_USER_PATHS = NO;
				CLANG_ANALYZER_NONNULL = YES;
				CLANG_ANALYZER_NUMBER_OBJECT_CONVERSION = YES_AGGRESSIVE;
				CLANG_CXX_LANGUAGE_STANDARD = "gnu++14";
				CLANG_CXX_LIBRARY = "libc++";
				CLANG_ENABLE_MODULES = YES;
				CLANG_ENABLE_OBJC_ARC = YES;
				CLANG_WARN_BLOCK_CAPTURE_AUTORELEASING = YES;
				CLANG_WARN_BOOL_CONVERSION = YES;
				CLANG_WARN_COMMA = YES;
				CLANG_WARN_CONSTANT_CONVERSION = YES;
				CLANG_WARN_DIRECT_OBJC_ISA_USAGE = YES_ERROR;
				CLANG_WARN_DOCUMENTATION_COMMENTS = YES;
				CLANG_WARN_EMPTY_BODY = YES;
				CLANG_WARN_ENUM_CONVERSION = YES;
				CLANG_WARN_INFINITE_RECURSION = YES;
				CLANG_WARN_INT_CONVERSION = YES;
				CLANG_WARN_NON_LITERAL_NULL_CONVERSION = YES;
				CLANG_WARN_OBJC_LITERAL_CONVERSION = YES;
				CLANG_WARN_OBJC_ROOT_CLASS = YES_ERROR;
				CLANG_WARN_RANGE_LOOP_ANALYSIS = YES;
				CLANG_WARN_STRICT_PROTOTYPES = YES;
				CLANG_WARN_SUSPICIOUS_MOVE = YES;
				CLANG_WARN_UNGUARDED_AVAILABILITY = YES_AGGRESSIVE;
				CLANG_WARN_UNREACHABLE_CODE = YES;
				CLANG_WARN__DUPLICATE_METHOD_MATCH = YES;
				CODE_SIGN_IDENTITY = "iPhone Developer";
				COPY_PHASE_STRIP = NO;
				DEBUG_INFORMATION_FORMAT = dwarf;
				ENABLE_STRICT_OBJC_MSGSEND = YES;
				ENABLE_TESTABILITY = YES;
				GCC_C_LANGUAGE_STANDARD = gnu11;
				GCC_DYNAMIC_NO_PIC = NO;
				GCC_NO_COMMON_BLOCKS = YES;
				GCC_OPTIMIZATION_LEVEL = 0;
				GCC_PREPROCESSOR_DEFINITIONS = (
					"DEBUG=1",
					"$(inherited)",
				);
				GCC_WARN_64_TO_32_BIT_CONVERSION = YES;
				GCC_WARN_ABOUT_RETURN_TYPE = YES_ERROR;
				GCC_WARN_UNDECLARED_SELECTOR = YES;
				GCC_WARN_UNINITIALIZED_AUTOS = YES_AGGRESSIVE;
				GCC_WARN_UNUSED_FUNCTION = YES;
				GCC_WARN_UNUSED_VARIABLE = YES;
				IPHONEOS_DEPLOYMENT_TARGET = 11.2;
				MTL_ENABLE_DEBUG_INFO = YES;
				ONLY_ACTIVE_ARCH = YES;
				SDKROOT = iphoneos;
				SWIFT_ACTIVE_COMPILATION_CONDITIONS = DEBUG;
				SWIFT_OPTIMIZATION_LEVEL = "-Onone";
			};
			name = Debug;
		};
		D3479F502048884200FB2F4D /* Release */ = {
			isa = XCBuildConfiguration;
			buildSettings = {
				ALWAYS_SEARCH_USER_PATHS = NO;
				CLANG_ANALYZER_NONNULL = YES;
				CLANG_ANALYZER_NUMBER_OBJECT_CONVERSION = YES_AGGRESSIVE;
				CLANG_CXX_LANGUAGE_STANDARD = "gnu++14";
				CLANG_CXX_LIBRARY = "libc++";
				CLANG_ENABLE_MODULES = YES;
				CLANG_ENABLE_OBJC_ARC = YES;
				CLANG_WARN_BLOCK_CAPTURE_AUTORELEASING = YES;
				CLANG_WARN_BOOL_CONVERSION = YES;
				CLANG_WARN_COMMA = YES;
				CLANG_WARN_CONSTANT_CONVERSION = YES;
				CLANG_WARN_DIRECT_OBJC_ISA_USAGE = YES_ERROR;
				CLANG_WARN_DOCUMENTATION_COMMENTS = YES;
				CLANG_WARN_EMPTY_BODY = YES;
				CLANG_WARN_ENUM_CONVERSION = YES;
				CLANG_WARN_INFINITE_RECURSION = YES;
				CLANG_WARN_INT_CONVERSION = YES;
				CLANG_WARN_NON_LITERAL_NULL_CONVERSION = YES;
				CLANG_WARN_OBJC_LITERAL_CONVERSION = YES;
				CLANG_WARN_OBJC_ROOT_CLASS = YES_ERROR;
				CLANG_WARN_RANGE_LOOP_ANALYSIS = YES;
				CLANG_WARN_STRICT_PROTOTYPES = YES;
				CLANG_WARN_SUSPICIOUS_MOVE = YES;
				CLANG_WARN_UNGUARDED_AVAILABILITY = YES_AGGRESSIVE;
				CLANG_WARN_UNREACHABLE_CODE = YES;
				CLANG_WARN__DUPLICATE_METHOD_MATCH = YES;
				CODE_SIGN_IDENTITY = "iPhone Developer";
				COPY_PHASE_STRIP = NO;
				DEBUG_INFORMATION_FORMAT = "dwarf-with-dsym";
				ENABLE_NS_ASSERTIONS = NO;
				ENABLE_STRICT_OBJC_MSGSEND = YES;
				GCC_C_LANGUAGE_STANDARD = gnu11;
				GCC_NO_COMMON_BLOCKS = YES;
				GCC_WARN_64_TO_32_BIT_CONVERSION = YES;
				GCC_WARN_ABOUT_RETURN_TYPE = YES_ERROR;
				GCC_WARN_UNDECLARED_SELECTOR = YES;
				GCC_WARN_UNINITIALIZED_AUTOS = YES_AGGRESSIVE;
				GCC_WARN_UNUSED_FUNCTION = YES;
				GCC_WARN_UNUSED_VARIABLE = YES;
				IPHONEOS_DEPLOYMENT_TARGET = 11.2;
				MTL_ENABLE_DEBUG_INFO = NO;
				SDKROOT = iphoneos;
				SWIFT_OPTIMIZATION_LEVEL = "-Owholemodule";
				VALIDATE_PRODUCT = YES;
			};
			name = Release;
		};
		D3479F522048884200FB2F4D /* Debug */ = {
			isa = XCBuildConfiguration;
			baseConfigurationReference = 37B65C3F79A4A7F9078B9F23 /* Pods-BMPClient.debug.xcconfig */;
			buildSettings = {
				ASSETCATALOG_COMPILER_APPICON_NAME = AppIcon;
				CLANG_ENABLE_MODULES = YES;
				CODE_SIGN_STYLE = Automatic;
				DEVELOPMENT_TEAM = E3XJ5T7GY2;
				INFOPLIST_FILE = BMPClient/Info.plist;
				LD_RUNPATH_SEARCH_PATHS = "$(inherited) @executable_path/Frameworks";
				PRODUCT_BUNDLE_IDENTIFIER = com.globalnexo.BMPClient;
				PRODUCT_NAME = "$(TARGET_NAME)";
				SWIFT_OBJC_BRIDGING_HEADER = "BMPClient/BMPClient-Bridging-Header.h";
				SWIFT_OPTIMIZATION_LEVEL = "-Onone";
				SWIFT_VERSION = 4.0;
				TARGETED_DEVICE_FAMILY = "1,2";
			};
			name = Debug;
		};
		D3479F532048884200FB2F4D /* Release */ = {
			isa = XCBuildConfiguration;
			baseConfigurationReference = 02C8009663428B08BD45520B /* Pods-BMPClient.release.xcconfig */;
			buildSettings = {
				ASSETCATALOG_COMPILER_APPICON_NAME = AppIcon;
				CLANG_ENABLE_MODULES = YES;
				CODE_SIGN_STYLE = Automatic;
				DEVELOPMENT_TEAM = E3XJ5T7GY2;
				INFOPLIST_FILE = BMPClient/Info.plist;
				LD_RUNPATH_SEARCH_PATHS = "$(inherited) @executable_path/Frameworks";
				PRODUCT_BUNDLE_IDENTIFIER = com.globalnexo.BMPClient;
				PRODUCT_NAME = "$(TARGET_NAME)";
				SWIFT_OBJC_BRIDGING_HEADER = "BMPClient/BMPClient-Bridging-Header.h";
				SWIFT_VERSION = 4.0;
				TARGETED_DEVICE_FAMILY = "1,2";
			};
			name = Release;
		};
/* End XCBuildConfiguration section */

/* Begin XCConfigurationList section */
		D3479F3A2048884200FB2F4D /* Build configuration list for PBXProject "BMPClient" */ = {
			isa = XCConfigurationList;
			buildConfigurations = (
				D3479F4F2048884200FB2F4D /* Debug */,
				D3479F502048884200FB2F4D /* Release */,
			);
			defaultConfigurationIsVisible = 0;
			defaultConfigurationName = Release;
		};
		D3479F512048884200FB2F4D /* Build configuration list for PBXNativeTarget "BMPClient" */ = {
			isa = XCConfigurationList;
			buildConfigurations = (
				D3479F522048884200FB2F4D /* Debug */,
				D3479F532048884200FB2F4D /* Release */,
			);
			defaultConfigurationIsVisible = 0;
			defaultConfigurationName = Release;
		};
/* End XCConfigurationList section */
	};
	rootObject = D3479F372048884200FB2F4D /* Project object */;
}
